
Microsoft Visual Studio Solution File, Format Version 12.00
# Visual Studio Version 16
VisualStudioVersion = 16.0.28729.10
MinimumVisualStudioVersion = 10.0.40219.1
Project("{FAE04EC0-301F-11D3-BF4B-00C04F79EFBC}") = "ConsoleTrader", "ConsoleTrader\ConsoleTrader.csproj", "{703EF992-30BC-45BB-A5A6-DCDDF6287CBE}"
EndProject
Project("{FAE04EC0-301F-11D3-BF4B-00C04F79EFBC}") = "Trader", "Trader\Trader.csproj", "{7142A2FC-2C85-47B5-BC93-45DFCAD386E2}"
EndProject
Global
	GlobalSection(SolutionConfigurationPlatforms) = preSolution
		Debug|Any CPU = Debug|Any CPU
		Release|Any CPU = Release|Any CPU
	EndGlobalSection
	GlobalSection(ProjectConfigurationPlatforms) = postSolution
		{703EF992-30BC-45BB-A5A6-DCDDF6287CBE}.Debug|Any CPU.ActiveCfg = Debug|Any CPU
		{703EF992-30BC-45BB-A5A6-DCDDF6287CBE}.Debug|Any CPU.Build.0 = Debug|Any CPU
		{703EF992-30BC-45BB-A5A6-DCDDF6287CBE}.Release|Any CPU.ActiveCfg = Release|Any CPU
		{703EF992-30BC-45BB-A5A6-DCDDF6287CBE}.Release|Any CPU.Build.0 = Release|Any CPU
		{7142A2FC-2C85-47B5-BC93-45DFCAD386E2}.Debug|Any CPU.ActiveCfg = Debug|Any CPU
		{7142A2FC-2C85-47B5-BC93-45DFCAD386E2}.Debug|Any CPU.Build.0 = Debug|Any CPU
		{7142A2FC-2C85-47B5-BC93-45DFCAD386E2}.Release|Any CPU.ActiveCfg = Release|Any CPU
		{7142A2FC-2C85-47B5-BC93-45DFCAD386E2}.Release|Any CPU.Build.0 = Release|Any CPU
	EndGlobalSection
	GlobalSection(SolutionProperties) = preSolution
		HideSolutionNode = FALSE
	EndGlobalSection
	GlobalSection(ExtensibilityGlobals) = postSolution
		SolutionGuid = {459F6EC2-1D80-49BF-8E1B-B97C50394E4C}
	EndGlobalSection
EndGlobal
